
Microsoft Visual Studio Solution File, Format Version 12.00
# Visual Studio 15
Project("{FAE04EC0-301F-11D3-BF4B-00C04F79EFBC}") = "Assembly-CSharp", "Assembly-CSharp.csproj", "{47CF5D9C-F40C-7975-93AE-1702AA80F76C}"
EndProject
Project("{FAE04EC0-301F-11D3-BF4B-00C04F79EFBC}") = "Assembly-CSharp-Editor", "Assembly-CSharp-Editor.csproj", "{600C0CB3-2028-0E79-B700-5A651A005BCB}"
EndProject
Global
	GlobalSection(SolutionConfigurationPlatforms) = preSolution
		Debug|Any CPU = Debug|Any CPU
		Release|Any CPU = Release|Any CPU
	EndGlobalSection
	GlobalSection(ProjectConfigurationPlatforms) = postSolution
		{47CF5D9C-F40C-7975-93AE-1702AA80F76C}.Debug|Any CPU.ActiveCfg = Debug|Any CPU
		{47CF5D9C-F40C-7975-93AE-1702AA80F76C}.Debug|Any CPU.Build.0 = Debug|Any CPU
		{47CF5D9C-F40C-7975-93AE-1702AA80F76C}.Release|Any CPU.ActiveCfg = Release|Any CPU
		{47CF5D9C-F40C-7975-93AE-1702AA80F76C}.Release|Any CPU.Build.0 = Release|Any CPU
		{600C0CB3-2028-0E79-B700-5A651A005BCB}.Debug|Any CPU.ActiveCfg = Debug|Any CPU
		{600C0CB3-2028-0E79-B700-5A651A005BCB}.Debug|Any CPU.Build.0 = Debug|Any CPU
		{600C0CB3-2028-0E79-B700-5A651A005BCB}.Release|Any CPU.ActiveCfg = Release|Any CPU
		{600C0CB3-2028-0E79-B700-5A651A005BCB}.Release|Any CPU.Build.0 = Release|Any CPU
	EndGlobalSection
	GlobalSection(SolutionProperties) = preSolution
		HideSolutionNode = FALSE
	EndGlobalSection
EndGlobal
